{
    "_meta": {
        "hash": {
            "sha256": "6293b8444035d977cdc6d36a1238a82f46c06acf8d72a308a2cbc415b6a1c014"
        },
        "pipfile-spec": 6,
        "requires": {
            "python_version": "3.9"
        },
        "sources": [
            {
                "name": "pypi",
                "url": "https://pypi.org/simple",
                "verify_ssl": true
            }
        ]
    },
    "default": {
        "prettier-printer": {
            "hashes": [
                "sha256:061d607ebaba1bb6b93da3fde3dc74087b539095f381839cd1aba2f67b0203d0"
            ],
            "index": "pypi",
            "version": "==0.1.4"
        },
        "pygments": {
            "hashes": [
                "sha256:b8e67fe6af78f492b3c4b3e2970c0624cbf08beb1e493b2c99b9fa1b67a20380",
                "sha256:f398865f7eb6874156579fdf36bc840a03cab64d1cde9e93d68f46a425ec52c6"
            ],
            "markers": "python_version >= '3.5'",
            "version": "==2.10.0"
        }
    },
    "develop": {}
}
